
Microsoft Visual Studio Solution File, Format Version 12.00
# Visual Studio Version 17
VisualStudioVersion = 17.5.002.0
MinimumVisualStudioVersion = 10.0.40219.1
Project("{9A19103F-16F7-4668-BE54-9A1E7A4F7556}") = "estudandoCs", "estudandoCs.csproj", "{2F161AD8-C0C9-40C8-A5E8-BB1B06AE1752}"
EndProject
Global
	GlobalSection(SolutionConfigurationPlatforms) = preSolution
		Debug|Any CPU = Debug|Any CPU
		Release|Any CPU = Release|Any CPU
	EndGlobalSection
	GlobalSection(ProjectConfigurationPlatforms) = postSolution
		{2F161AD8-C0C9-40C8-A5E8-BB1B06AE1752}.Debug|Any CPU.ActiveCfg = Debug|Any CPU
		{2F161AD8-C0C9-40C8-A5E8-BB1B06AE1752}.Debug|Any CPU.Build.0 = Debug|Any CPU
		{2F161AD8-C0C9-40C8-A5E8-BB1B06AE1752}.Release|Any CPU.ActiveCfg = Release|Any CPU
		{2F161AD8-C0C9-40C8-A5E8-BB1B06AE1752}.Release|Any CPU.Build.0 = Release|Any CPU
	EndGlobalSection
	GlobalSection(SolutionProperties) = preSolution
		HideSolutionNode = FALSE
	EndGlobalSection
	GlobalSection(ExtensibilityGlobals) = postSolution
		SolutionGuid = {3E0F01E9-2662-433E-8B3F-5DEDEFC65E95}
	EndGlobalSection
EndGlobal
